
Microsoft Visual Studio Solution File, Format Version 12.00
# Visual Studio Version 16
VisualStudioVersion = 16.0.30503.244
MinimumVisualStudioVersion = 10.0.40219.1
Project("{888888A0-9F3D-457C-B088-3A5042F75D52}") = "Lists", "Lists\Lists.pyproj", "{8413E2F2-8A28-43BA-A60A-21ADEFD75473}"
EndProject
Project("{888888A0-9F3D-457C-B088-3A5042F75D52}") = "Dictionary_and_List", "Dictionary_and_List\Dictionary_and_List.pyproj", "{3CEC30D4-966C-4898-ADD9-4366741C0283}"
EndProject
Project("{888888A0-9F3D-457C-B088-3A5042F75D52}") = "Tuple", "Tuple\Tuple.pyproj", "{30B0DF48-2FB5-4B29-AD11-13E5722CE075}"
EndProject
Global
	GlobalSection(SolutionConfigurationPlatforms) = preSolution
		Debug|Any CPU = Debug|Any CPU
		Release|Any CPU = Release|Any CPU
	EndGlobalSection
	GlobalSection(ProjectConfigurationPlatforms) = postSolution
		{8413E2F2-8A28-43BA-A60A-21ADEFD75473}.Debug|Any CPU.ActiveCfg = Debug|Any CPU
		{8413E2F2-8A28-43BA-A60A-21ADEFD75473}.Release|Any CPU.ActiveCfg = Release|Any CPU
		{3CEC30D4-966C-4898-ADD9-4366741C0283}.Debug|Any CPU.ActiveCfg = Debug|Any CPU
		{3CEC30D4-966C-4898-ADD9-4366741C0283}.Release|Any CPU.ActiveCfg = Release|Any CPU
		{30B0DF48-2FB5-4B29-AD11-13E5722CE075}.Debug|Any CPU.ActiveCfg = Debug|Any CPU
		{30B0DF48-2FB5-4B29-AD11-13E5722CE075}.Release|Any CPU.ActiveCfg = Release|Any CPU
	EndGlobalSection
	GlobalSection(SolutionProperties) = preSolution
		HideSolutionNode = FALSE
	EndGlobalSection
	GlobalSection(ExtensibilityGlobals) = postSolution
		SolutionGuid = {F5AF7C68-2B47-4164-87FD-E9668772C561}
	EndGlobalSection
EndGlobal
